
Microsoft Visual Studio Solution File, Format Version 12.00
# Visual Studio 2012
Project("{FAE04EC0-301F-11D3-BF4B-00C04F79EFBC}") = "Fusebox", "Fusebox\Fusebox.csproj", "{B185468E-1755-4872-888D-12D7AC148232}"
EndProject
Global
	GlobalSection(SolutionConfigurationPlatforms) = preSolution
		Debug|Any CPU = Debug|Any CPU
		Release|Any CPU = Release|Any CPU
	EndGlobalSection
	GlobalSection(ProjectConfigurationPlatforms) = postSolution
		{B185468E-1755-4872-888D-12D7AC148232}.Debug|Any CPU.ActiveCfg = Debug|Any CPU
		{B185468E-1755-4872-888D-12D7AC148232}.Debug|Any CPU.Build.0 = Debug|Any CPU
		{B185468E-1755-4872-888D-12D7AC148232}.Release|Any CPU.ActiveCfg = Release|Any CPU
		{B185468E-1755-4872-888D-12D7AC148232}.Release|Any CPU.Build.0 = Release|Any CPU
	EndGlobalSection
EndGlobal
